{
  "name": "Classe-FS17-Team1-P2",
  "lockfileVersion": 3,
  "requires": true,
  "packages": {
    "": {
      "dependencies": {
        "swiper": "^11.0.4"
      }
    },
    "node_modules/swiper": {
      "version": "11.0.4",
      "resolved": "https://registry.npmjs.org/swiper/-/swiper-11.0.4.tgz",
      "integrity": "sha512-qtUxILrD4aD++rpKzGrkz3IAWL92f9uTrDwjb6HaNLmPvJhZCE/83DL+9w4kIgDDJeF6QKalV47rMBN77UOVYQ==",
      "funding": [
        {
          "type": "patreon",
          "url": "https://www.patreon.com/swiperjs"
        },
        {
          "type": "open_collective",
          "url": "http://opencollective.com/swiper"
        }
      ],
      "engines": {
        "node": ">= 4.7.0"
      }
    }
  }
}
